
Microsoft Visual Studio Solution File, Format Version 12.00
# Visual Studio 14
VisualStudioVersion = 14.0.25420.1
MinimumVisualStudioVersion = 10.0.40219.1
Project("{FAE04EC0-301F-11D3-BF4B-00C04F79EFBC}") = "CameraApp4", "CameraApp4\CameraApp4.csproj", "{DCF2AF88-6DD3-4222-BDF2-3893EF5E44EF}"
EndProject
Global
	GlobalSection(SolutionConfigurationPlatforms) = preSolution
		Debug|Any CPU = Debug|Any CPU
		Release|Any CPU = Release|Any CPU
	EndGlobalSection
	GlobalSection(ProjectConfigurationPlatforms) = postSolution
		{DCF2AF88-6DD3-4222-BDF2-3893EF5E44EF}.Debug|Any CPU.ActiveCfg = Debug|Any CPU
		{DCF2AF88-6DD3-4222-BDF2-3893EF5E44EF}.Debug|Any CPU.Build.0 = Debug|Any CPU
		{DCF2AF88-6DD3-4222-BDF2-3893EF5E44EF}.Debug|Any CPU.Deploy.0 = Debug|Any CPU
		{DCF2AF88-6DD3-4222-BDF2-3893EF5E44EF}.Release|Any CPU.ActiveCfg = Release|Any CPU
		{DCF2AF88-6DD3-4222-BDF2-3893EF5E44EF}.Release|Any CPU.Build.0 = Release|Any CPU
		{DCF2AF88-6DD3-4222-BDF2-3893EF5E44EF}.Release|Any CPU.Deploy.0 = Release|Any CPU
	EndGlobalSection
	GlobalSection(SolutionProperties) = preSolution
		HideSolutionNode = FALSE
	EndGlobalSection
EndGlobal
